
Microsoft Visual Studio Solution File, Format Version 12.00
# Visual Studio Version 17
VisualStudioVersion = 17.8.34322.80
MinimumVisualStudioVersion = 10.0.40219.1
Project("{FAE04EC0-301F-11D3-BF4B-00C04F79EFBC}") = "BallastLane", "BallastLane.csproj", "{89740C40-61F1-483E-BB80-F5D765C3D68B}"
EndProject
Global
	GlobalSection(SolutionConfigurationPlatforms) = preSolution
		Debug|Any CPU = Debug|Any CPU
		Release|Any CPU = Release|Any CPU
	EndGlobalSection
	GlobalSection(ProjectConfigurationPlatforms) = postSolution
		{89740C40-61F1-483E-BB80-F5D765C3D68B}.Debug|Any CPU.ActiveCfg = Debug|Any CPU
		{89740C40-61F1-483E-BB80-F5D765C3D68B}.Debug|Any CPU.Build.0 = Debug|Any CPU
		{89740C40-61F1-483E-BB80-F5D765C3D68B}.Release|Any CPU.ActiveCfg = Release|Any CPU
		{89740C40-61F1-483E-BB80-F5D765C3D68B}.Release|Any CPU.Build.0 = Release|Any CPU
	EndGlobalSection
	GlobalSection(SolutionProperties) = preSolution
		HideSolutionNode = FALSE
	EndGlobalSection
	GlobalSection(ExtensibilityGlobals) = postSolution
		SolutionGuid = {83103D55-BA5A-4D50-9260-3B229887F599}
	EndGlobalSection
EndGlobal
