
Microsoft Visual Studio Solution File, Format Version 12.00
# Visual Studio Version 17
VisualStudioVersion = 17.0.31717.71
MinimumVisualStudioVersion = 10.0.40219.1
Project("{9A19103F-16F7-4668-BE54-9A1E7A4F7556}") = "BallastLane.Client", "BallastLane.Client.csproj", "{7B516D94-0DCD-497D-8A82-89A1A4A560E6}"
EndProject
Global
	GlobalSection(SolutionConfigurationPlatforms) = preSolution
		Debug|Any CPU = Debug|Any CPU
		Release|Any CPU = Release|Any CPU
	EndGlobalSection
	GlobalSection(ProjectConfigurationPlatforms) = postSolution
		{7B516D94-0DCD-497D-8A82-89A1A4A560E6}.Debug|Any CPU.ActiveCfg = Debug|Any CPU
		{7B516D94-0DCD-497D-8A82-89A1A4A560E6}.Debug|Any CPU.Build.0 = Debug|Any CPU
		{7B516D94-0DCD-497D-8A82-89A1A4A560E6}.Release|Any CPU.ActiveCfg = Release|Any CPU
		{7B516D94-0DCD-497D-8A82-89A1A4A560E6}.Release|Any CPU.Build.0 = Release|Any CPU
	EndGlobalSection
	GlobalSection(SolutionProperties) = preSolution
		HideSolutionNode = FALSE
	EndGlobalSection
	GlobalSection(ExtensibilityGlobals) = postSolution
		SolutionGuid = {FDB4EB89-4320-496C-A0DF-449570FCB7A5}
	EndGlobalSection
EndGlobal